{
  "originHash" : "107746828b6cf1ce811b400fa004379f3ee2180bad913f8ec8e40d8ade754ba8",
  "pins" : [
    {
      "identity" : "llama.cpp",
      "kind" : "remoteSourceControl",
      "location" : "https://github.com/ggerganov/llama.cpp/",
      "state" : {
        "revision" : "dbceec87c0221ec952e69448df6a71f1372a7487"
      }
    }
  ],
  "version" : 3
}
