{
  "originHash" : "e38167351faaddc2952ea0ad0f3fbd4a1825ca5640ba8631a28ceb8584b68d6f",
  "pins" : [
    {
      "identity" : "llmfarm_core.swift",
      "kind" : "remoteSourceControl",
      "location" : "https://github.com/guinmoon/llmfarm_core.swift",
      "state" : {
        "branch" : "main",
        "revision" : "ceb3455d2fb8b3f114fa15eeeb6397debae36d2f"
      }
    }
  ],
  "version" : 3
}
